<?xml version="1.0" encoding="utf-8"?>
<Project ToolsVersion="4.0" xmlns="http://schemas.microsoft.com/developer/msbuild/2003">
  <ItemGroup>
    <Filter Include="Inc">
      <UniqueIdentifier>{87da4d08-f262-4119-b404-34cec8d48c91}</UniqueIdentifier>
    </Filter>
    <Filter Include="Src">
      <UniqueIdentifier>{4817d622-9b5d-4f96-95b0-5cf60806300e}</UniqueIdentifier>
    </Filter>
  </ItemGroup>
  <ItemGroup>
    <ClInclude Include="Inc\Address.h">
      <Filter>Inc</Filter>
    </ClInclude>
    <ClInclude Include="Inc\ByteSwap.h">
      <Filter>Inc</Filter>
    </ClInclude>
    <ClInclude Include="Inc\Common.h">
      <Filter>Inc</Filter>
    </ClInclude>
    <ClInclude Include="Inc\InputMemoryBitStream.h">
      <Filter>Inc</Filter>
    </ClInclude>
    <ClInclude Include="Inc\Networking.h">
      <Filter>Inc</Filter>
    </ClInclude>
    <ClInclude Include="Inc\OutputMemoryBitStream.h">
      <Filter>Inc</Filter>
    </ClInclude>
    <ClInclude Include="Inc\Socket.h">
      <Filter>Inc</Filter>
    </ClInclude>
    <ClInclude Include="Inc\SocketUtil.h">
      <Filter>Inc</Filter>
    </ClInclude>
    <ClInclude Include="Src\Precompiled.h">
      <Filter>Src</Filter>
    </ClInclude>
    <ClInclude Include="Inc\SocketAddress.h">
      <Filter>Inc</Filter>
    </ClInclude>
    <ClInclude Include="Inc\TCPSocket.h">
      <Filter>Inc</Filter>
    </ClInclude>
    <ClInclude Include="Inc\UDPSocket.h">
      <Filter>Inc</Filter>
    </ClInclude>
    <ClInclude Include="Inc\MemoryStream.h">
      <Filter>Inc</Filter>
    </ClInclude>
    <ClInclude Include="Inc\StreamWriter.h" />
    <ClInclude Include="Inc\StreamReader.h">
      <Filter>Inc</Filter>
    </ClInclude>
  </ItemGroup>
  <ItemGroup>
    <ClCompile Include="Src\Address.cpp">
      <Filter>Src</Filter>
    </ClCompile>
    <ClCompile Include="Src\InputMemoryBitStream.cpp">
      <Filter>Src</Filter>
    </ClCompile>
    <ClCompile Include="Src\OutputMemoryBitStream.cpp">
      <Filter>Src</Filter>
    </ClCompile>
    <ClCompile Include="Src\Precompiled.cpp">
      <Filter>Src</Filter>
    </ClCompile>
    <ClCompile Include="Src\Socket.cpp">
      <Filter>Src</Filter>
    </ClCompile>
    <ClCompile Include="Src\SocketUtil.cpp">
      <Filter>Src</Filter>
    </ClCompile>
    <ClCompile Include="Src\SocketAddress.cpp">
      <Filter>Src</Filter>
    </ClCompile>
    <ClCompile Include="Src\TCPSocket.cpp">
      <Filter>Src</Filter>
    </ClCompile>
    <ClCompile Include="Src\UDPSocket.cpp">
      <Filter>Src</Filter>
    </ClCompile>
    <ClCompile Include="Src\MemoryStream.cpp">
      <Filter>Src</Filter>
    </ClCompile>
    <ClCompile Include="Src\StreamWriter.cpp" />
  </ItemGroup>
</Project>