<?xml version="1.0" encoding="utf-8"?>
<Project ToolsVersion="4.0" xmlns="http://schemas.microsoft.com/developer/msbuild/2003">
  <ItemGroup>
    <Filter Include="Inc">
      <UniqueIdentifier>{7062d4ee-311b-4403-a6a6-0dc1b923aa36}</UniqueIdentifier>
    </Filter>
    <Filter Include="Src">
      <UniqueIdentifier>{3dac06f2-1ab5-46f8-b4c3-b9ab8c03b4b2}</UniqueIdentifier>
    </Filter>
  </ItemGroup>
  <ItemGroup>
    <ClInclude Include="Inc\Audio.hpp">
      <Filter>Inc</Filter>
    </ClInclude>
    <ClInclude Include="Inc\Common.hpp">
      <Filter>Inc</Filter>
    </ClInclude>
    <ClInclude Include="Src\Precompiled.hpp">
      <Filter>Src</Filter>
    </ClInclude>
    <ClInclude Include="Inc\AudioManager.hpp">
      <Filter>Inc</Filter>
    </ClInclude>
    <ClInclude Include="Inc\AudioSource.hpp">
      <Filter>Inc</Filter>
    </ClInclude>
  </ItemGroup>
  <ItemGroup>
    <ClCompile Include="Src\Precompiled.cpp">
      <Filter>Src</Filter>
    </ClCompile>
    <ClCompile Include="Inc\AudioManager.cpp">
      <Filter>Src</Filter>
    </ClCompile>
    <ClCompile Include="Inc\AudioSource.cpp">
      <Filter>Src</Filter>
    </ClCompile>
  </ItemGroup>
</Project>